{
  "name": "Atlantis_odyssey",
  "lockfileVersion": 3,
  "requires": true,
  "packages": {
    "": {
      "name": "Atlantis_odyssey",
      "dependencies": {
        "d3-octree": "^1.0.2"
      }
    },
    "node_modules/d3-octree": {
      "version": "1.0.2",
      "resolved": "https://registry.npmjs.org/d3-octree/-/d3-octree-1.0.2.tgz",
      "integrity": "sha512-Qxg4oirJrNXauiuC94uKMbgxwnhdda9xRLl9ihq45srlJ4Ga3CSgqGcAL8iW7N5CIv4Oz8x3E734ulxyvHPvwA=="
    }
  }
}
